
Microsoft Visual Studio Solution File, Format Version 12.00
# Visual Studio Version 17
VisualStudioVersion = 17.4.33213.308
MinimumVisualStudioVersion = 10.0.40219.1
Project("{8BC9CEB8-8B4A-11D0-8D11-00A0C91BC942}") = "RocketEngine", "RocketEngine\RocketEngine.vcxproj", "{4A2705DD-E703-4843-99EA-8E9766FAAB5D}"
	ProjectSection(ProjectDependencies) = postProject
		{1D9E43E5-A3EC-4841-8DAB-32BFFF18BCC6} = {1D9E43E5-A3EC-4841-8DAB-32BFFF18BCC6}
		{47D8E40F-9380-4D3D-86E7-BAB4A833CE34} = {47D8E40F-9380-4D3D-86E7-BAB4A833CE34}
	EndProjectSection
EndProject
Project("{8BC9CEB8-8B4A-11D0-8D11-00A0C91BC942}") = "EngineDemo", "EngineDemo\EngineDemo.vcxproj", "{5AFEF623-963F-4361-B25C-7ABADEE1C2E6}"
	ProjectSection(ProjectDependencies) = postProject
		{1D9E43E5-A3EC-4841-8DAB-32BFFF18BCC6} = {1D9E43E5-A3EC-4841-8DAB-32BFFF18BCC6}
		{47D8E40F-9380-4D3D-86E7-BAB4A833CE34} = {47D8E40F-9380-4D3D-86E7-BAB4A833CE34}
		{4A2705DD-E703-4843-99EA-8E9766FAAB5D} = {4A2705DD-E703-4843-99EA-8E9766FAAB5D}
	EndProjectSection
EndProject
Project("{8BC9CEB8-8B4A-11D0-8D11-00A0C91BC942}") = "RocketDX11", "RocketDX11\RocketDX11.vcxproj", "{1D9E43E5-A3EC-4841-8DAB-32BFFF18BCC6}"
	ProjectSection(ProjectDependencies) = postProject
		{47D8E40F-9380-4D3D-86E7-BAB4A833CE34} = {47D8E40F-9380-4D3D-86E7-BAB4A833CE34}
	EndProjectSection
EndProject
Project("{8BC9CEB8-8B4A-11D0-8D11-00A0C91BC942}") = "RocketCommon", "RocketCommon\RocketCommon.vcxproj", "{47D8E40F-9380-4D3D-86E7-BAB4A833CE34}"
EndProject
Global
	GlobalSection(SolutionConfigurationPlatforms) = preSolution
		Debug|x64 = Debug|x64
		Debug|x86 = Debug|x86
		Release|x64 = Release|x64
		Release|x86 = Release|x86
	EndGlobalSection
	GlobalSection(ProjectConfigurationPlatforms) = postSolution
		{4A2705DD-E703-4843-99EA-8E9766FAAB5D}.Debug|x64.ActiveCfg = Debug|x64
		{4A2705DD-E703-4843-99EA-8E9766FAAB5D}.Debug|x64.Build.0 = Debug|x64
		{4A2705DD-E703-4843-99EA-8E9766FAAB5D}.Debug|x86.ActiveCfg = Debug|Win32
		{4A2705DD-E703-4843-99EA-8E9766FAAB5D}.Debug|x86.Build.0 = Debug|Win32
		{4A2705DD-E703-4843-99EA-8E9766FAAB5D}.Release|x64.ActiveCfg = Release|x64
		{4A2705DD-E703-4843-99EA-8E9766FAAB5D}.Release|x64.Build.0 = Release|x64
		{4A2705DD-E703-4843-99EA-8E9766FAAB5D}.Release|x86.ActiveCfg = Release|Win32
		{4A2705DD-E703-4843-99EA-8E9766FAAB5D}.Release|x86.Build.0 = Release|Win32
		{5AFEF623-963F-4361-B25C-7ABADEE1C2E6}.Debug|x64.ActiveCfg = Debug|x64
		{5AFEF623-963F-4361-B25C-7ABADEE1C2E6}.Debug|x64.Build.0 = Debug|x64
		{5AFEF623-963F-4361-B25C-7ABADEE1C2E6}.Debug|x86.ActiveCfg = Debug|Win32
		{5AFEF623-963F-4361-B25C-7ABADEE1C2E6}.Debug|x86.Build.0 = Debug|Win32
		{5AFEF623-963F-4361-B25C-7ABADEE1C2E6}.Release|x64.ActiveCfg = Release|x64
		{5AFEF623-963F-4361-B25C-7ABADEE1C2E6}.Release|x64.Build.0 = Release|x64
		{5AFEF623-963F-4361-B25C-7ABADEE1C2E6}.Release|x86.ActiveCfg = Release|Win32
		{5AFEF623-963F-4361-B25C-7ABADEE1C2E6}.Release|x86.Build.0 = Release|Win32
		{1D9E43E5-A3EC-4841-8DAB-32BFFF18BCC6}.Debug|x64.ActiveCfg = Debug|x64
		{1D9E43E5-A3EC-4841-8DAB-32BFFF18BCC6}.Debug|x64.Build.0 = Debug|x64
		{1D9E43E5-A3EC-4841-8DAB-32BFFF18BCC6}.Debug|x86.ActiveCfg = Debug|Win32
		{1D9E43E5-A3EC-4841-8DAB-32BFFF18BCC6}.Debug|x86.Build.0 = Debug|Win32
		{1D9E43E5-A3EC-4841-8DAB-32BFFF18BCC6}.Release|x64.ActiveCfg = Release|x64
		{1D9E43E5-A3EC-4841-8DAB-32BFFF18BCC6}.Release|x64.Build.0 = Release|x64
		{1D9E43E5-A3EC-4841-8DAB-32BFFF18BCC6}.Release|x86.ActiveCfg = Release|Win32
		{1D9E43E5-A3EC-4841-8DAB-32BFFF18BCC6}.Release|x86.Build.0 = Release|Win32
		{47D8E40F-9380-4D3D-86E7-BAB4A833CE34}.Debug|x64.ActiveCfg = Debug|x64
		{47D8E40F-9380-4D3D-86E7-BAB4A833CE34}.Debug|x64.Build.0 = Debug|x64
		{47D8E40F-9380-4D3D-86E7-BAB4A833CE34}.Debug|x86.ActiveCfg = Debug|Win32
		{47D8E40F-9380-4D3D-86E7-BAB4A833CE34}.Debug|x86.Build.0 = Debug|Win32
		{47D8E40F-9380-4D3D-86E7-BAB4A833CE34}.Release|x64.ActiveCfg = Release|x64
		{47D8E40F-9380-4D3D-86E7-BAB4A833CE34}.Release|x64.Build.0 = Release|x64
		{47D8E40F-9380-4D3D-86E7-BAB4A833CE34}.Release|x86.ActiveCfg = Release|Win32
		{47D8E40F-9380-4D3D-86E7-BAB4A833CE34}.Release|x86.Build.0 = Release|Win32
	EndGlobalSection
	GlobalSection(SolutionProperties) = preSolution
		HideSolutionNode = FALSE
	EndGlobalSection
	GlobalSection(ExtensibilityGlobals) = postSolution
		SolutionGuid = {9131C944-75DC-46D4-8CF7-FD5CA23BF00D}
	EndGlobalSection
EndGlobal
