<?xml version="1.0" encoding="utf-8"?>
<Project ToolsVersion="4.0" xmlns="http://schemas.microsoft.com/developer/msbuild/2003">
  <ItemGroup>
    <Filter Include="소스 파일">
      <UniqueIdentifier>{4FC737F1-C7A5-4376-A066-2A32D752A2FF}</UniqueIdentifier>
      <Extensions>cpp;c;cc;cxx;c++;cppm;ixx;def;odl;idl;hpj;bat;asm;asmx</Extensions>
    </Filter>
    <Filter Include="헤더 파일">
      <UniqueIdentifier>{93995380-89BD-4b04-88EB-625FBE52EBFB}</UniqueIdentifier>
      <Extensions>h;hh;hpp;hxx;h++;hm;inl;inc;ipp;xsd</Extensions>
    </Filter>
    <Filter Include="ecs">
      <UniqueIdentifier>{f6ba29fe-6691-47fa-b620-ad5e900167ca}</UniqueIdentifier>
    </Filter>
    <Filter Include="Component">
      <UniqueIdentifier>{03e7fbef-dfe9-4c5a-b9a4-33dbe32c160f}</UniqueIdentifier>
    </Filter>
    <Filter Include="Component\impl">
      <UniqueIdentifier>{f07e4b8c-ab5a-4def-ab9c-28e6461792bd}</UniqueIdentifier>
    </Filter>
  </ItemGroup>
  <ItemGroup>
    <ClInclude Include="ID.h">
      <Filter>헤더 파일</Filter>
    </ClInclude>
    <ClInclude Include="include\internal\Scene.h">
      <Filter>헤더 파일</Filter>
    </ClInclude>
    <ClInclude Include="include\internal\GameObject.h">
      <Filter>헤더 파일</Filter>
    </ClInclude>
    <ClInclude Include="Entity.h">
      <Filter>ecs</Filter>
    </ClInclude>
    <ClInclude Include="World.h">
      <Filter>ecs</Filter>
    </ClInclude>
    <ClInclude Include="include\internal\GameEngine.h">
      <Filter>헤더 파일</Filter>
    </ClInclude>
    <ClInclude Include="include\Input.h">
      <Filter>헤더 파일</Filter>
    </ClInclude>
    <ClInclude Include="PhysicsEngine.h">
      <Filter>헤더 파일</Filter>
    </ClInclude>
    <ClInclude Include="include\internal\BuiltinComponent.h">
      <Filter>Component</Filter>
    </ClInclude>
    <ClInclude Include="include\internal\CameraComponent.h">
      <Filter>Component\impl</Filter>
    </ClInclude>
    <ClInclude Include="include\internal\BoxColliderComponent.h">
      <Filter>Component\impl</Filter>
    </ClInclude>
    <ClInclude Include="include\internal\RendererComponent.h">
      <Filter>Component\impl</Filter>
    </ClInclude>
    <ClInclude Include="include\internal\Component.h">
      <Filter>Component</Filter>
    </ClInclude>
    <ClInclude Include="include\internal\Collider.h">
      <Filter>Component\impl</Filter>
    </ClInclude>
    <ClInclude Include="CollisionPair.h">
      <Filter>헤더 파일</Filter>
    </ClInclude>
    <ClInclude Include="include\EngineMinimal.h">
      <Filter>헤더 파일</Filter>
    </ClInclude>
  </ItemGroup>
  <ItemGroup>
    <ClCompile Include="Scene.cpp">
      <Filter>소스 파일</Filter>
    </ClCompile>
    <ClCompile Include="GameObject.cpp">
      <Filter>소스 파일</Filter>
    </ClCompile>
    <ClCompile Include="Entity.cpp">
      <Filter>ecs</Filter>
    </ClCompile>
    <ClCompile Include="World.cpp">
      <Filter>ecs</Filter>
    </ClCompile>
    <ClCompile Include="GameEngine.cpp">
      <Filter>소스 파일</Filter>
    </ClCompile>
    <ClCompile Include="Input.cpp">
      <Filter>소스 파일</Filter>
    </ClCompile>
    <ClCompile Include="PhysicsEngine.cpp">
      <Filter>소스 파일</Filter>
    </ClCompile>
    <ClCompile Include="CameraComponent.cpp">
      <Filter>Component\impl</Filter>
    </ClCompile>
    <ClCompile Include="BoxColliderComponent.cpp">
      <Filter>Component\impl</Filter>
    </ClCompile>
    <ClCompile Include="Component.cpp">
      <Filter>Component</Filter>
    </ClCompile>
    <ClCompile Include="RendererComponent.cpp">
      <Filter>Component\impl</Filter>
    </ClCompile>
    <ClCompile Include="Collider.cpp">
      <Filter>Component\impl</Filter>
    </ClCompile>
    <ClCompile Include="EngineMinimal.cpp">
      <Filter>소스 파일</Filter>
    </ClCompile>
  </ItemGroup>
</Project>