<?xml version="1.0" encoding="utf-8"?>
<Project ToolsVersion="4.0" xmlns="http://schemas.microsoft.com/developer/msbuild/2003">
  <ItemGroup>
    <FxCompile Include="ColorPS.hlsl">
      <Filter>Resource\Shader\HLSL\Color</Filter>
    </FxCompile>
    <FxCompile Include="ColorVS.hlsl">
      <Filter>Resource\Shader\HLSL\Color</Filter>
    </FxCompile>
    <FxCompile Include="TexturePS.hlsl">
      <Filter>Resource\Shader\HLSL\Texture</Filter>
    </FxCompile>
    <FxCompile Include="TextureVS.hlsl">
      <Filter>Resource\Shader\HLSL\Texture</Filter>
    </FxCompile>
    <FxCompile Include="LightVS.hlsl">
      <Filter>Resource\Shader\HLSL\Light</Filter>
    </FxCompile>
    <FxCompile Include="LightPS.hlsl">
      <Filter>Resource\Shader\HLSL\Light</Filter>
    </FxCompile>
    <FxCompile Include="StaticMeshVS.hlsl">
      <Filter>Resource\Shader\HLSL\StaticMesh</Filter>
    </FxCompile>
    <FxCompile Include="StaticMeshPS.hlsl">
      <Filter>Resource\Shader\HLSL\StaticMesh</Filter>
    </FxCompile>
    <FxCompile Include="SkinnedMeshVS.hlsl">
      <Filter>Resource\Shader\HLSL\SkinnedMesh</Filter>
    </FxCompile>
    <FxCompile Include="SkinnedMeshPS.hlsl">
      <Filter>Resource\Shader\HLSL\SkinnedMesh</Filter>
    </FxCompile>
    <FxCompile Include="CubeMapVS.hlsl">
      <Filter>Resource\Shader\HLSL\CubeMap</Filter>
    </FxCompile>
    <FxCompile Include="CubeMapPS.hlsl">
      <Filter>Resource\Shader\HLSL\CubeMap</Filter>
    </FxCompile>
  </ItemGroup>
  <ItemGroup>
    <ClCompile Include="Axis.cpp">
      <Filter>Object\HelperObject</Filter>
    </ClCompile>
    <ClCompile Include="Camera.cpp">
      <Filter>Object\Camera</Filter>
    </ClCompile>
    <ClCompile Include="CubeMesh.cpp">
      <Filter>Resource\Mesh\StaticMeshes\Primitive</Filter>
    </ClCompile>
    <ClCompile Include="FBXLoader.cpp">
      <Filter>FBXLoader</Filter>
    </ClCompile>
    <ClCompile Include="Grid.cpp">
      <Filter>Object\HelperObject</Filter>
    </ClCompile>
    <ClCompile Include="SpriteRenderer.cpp">
      <Filter>Object\ImageRenderer</Filter>
    </ClCompile>
    <ClCompile Include="LineRenderer.cpp">
      <Filter>Object\LineRenderer</Filter>
    </ClCompile>
    <ClCompile Include="ObjectFactory.cpp">
      <Filter>ObjectFactory</Filter>
    </ClCompile>
    <ClCompile Include="ObjectManager.cpp">
      <Filter>ObjectManager</Filter>
    </ClCompile>
    <ClCompile Include="PixelShader.cpp">
      <Filter>Resource\Shader\PixelShader</Filter>
    </ClCompile>
    <ClCompile Include="ResourceManager.cpp">
      <Filter>ResourceManager</Filter>
    </ClCompile>
    <ClCompile Include="RocketDX11.cpp">
      <Filter>GraphicsProcess</Filter>
    </ClCompile>
    <ClCompile Include="MeshRenderer.cpp">
      <Filter>Component\MeshRenderer</Filter>
    </ClCompile>
    <ClCompile Include="TextRenderer.cpp">
      <Filter>Object\TextObject</Filter>
    </ClCompile>
    <ClCompile Include="Texture.cpp">
      <Filter>Resource\Texture</Filter>
    </ClCompile>
    <ClCompile Include="VertexShader.cpp">
      <Filter>Resource\Shader\VertexShader</Filter>
    </ClCompile>
    <ClCompile Include="Light.cpp">
      <Filter>Light</Filter>
    </ClCompile>
    <ClCompile Include="Material.cpp">
      <Filter>Material</Filter>
    </ClCompile>
    <ClCompile Include="DeviceBuilderDX11.cpp">
      <Filter>GraphicsProcess\DX11DeviceBuilder</Filter>
    </ClCompile>
    <ClCompile Include="SphereMesh.cpp">
      <Filter>Resource\Mesh\StaticMeshes\Primitive</Filter>
    </ClCompile>
    <ClCompile Include="Mesh.cpp">
      <Filter>Resource\Mesh\BaseClass</Filter>
    </ClCompile>
    <ClCompile Include="SkinnedMesh.cpp">
      <Filter>Resource\Mesh\SkinnedMesh</Filter>
    </ClCompile>
    <ClCompile Include="DynamicModelRenderer.cpp">
      <Filter>Component\DynamicModelRenderer</Filter>
    </ClCompile>
    <ClCompile Include="StaticMesh.cpp">
      <Filter>Resource\Mesh\StaticMeshes\StaticMesh</Filter>
    </ClCompile>
    <ClCompile Include="ModelStruct.cpp">
      <Filter>Struct</Filter>
    </ClCompile>
    <ClCompile Include="CubeMap.cpp">
      <Filter>Object\CubeMap</Filter>
    </ClCompile>
  </ItemGroup>
  <ItemGroup>
    <ClInclude Include="Axis.h">
      <Filter>Object\HelperObject</Filter>
    </ClInclude>
    <ClInclude Include="Camera.h">
      <Filter>Object\Camera</Filter>
    </ClInclude>
    <ClInclude Include="CubeMesh.h">
      <Filter>Resource\Mesh\StaticMeshes\Primitive</Filter>
    </ClInclude>
    <ClInclude Include="FBXLoader.h">
      <Filter>FBXLoader</Filter>
    </ClInclude>
    <ClInclude Include="VertexStruct.h">
      <Filter>Struct</Filter>
    </ClInclude>
    <ClInclude Include="Grid.h">
      <Filter>Object\HelperObject</Filter>
    </ClInclude>
    <ClInclude Include="SpriteRenderer.h">
      <Filter>Object\ImageRenderer</Filter>
    </ClInclude>
    <ClInclude Include="IResource.h">
      <Filter>Resource\Interface</Filter>
    </ClInclude>
    <ClInclude Include="LineRenderer.h">
      <Filter>Object\LineRenderer</Filter>
    </ClInclude>
    <ClInclude Include="ShaderBase.h">
      <Filter>Resource\Shader\Interface</Filter>
    </ClInclude>
    <ClInclude Include="ObjectFactory.h">
      <Filter>ObjectFactory</Filter>
    </ClInclude>
    <ClInclude Include="ObjectManager.h">
      <Filter>ObjectManager</Filter>
    </ClInclude>
    <ClInclude Include="PixelShader.h">
      <Filter>Resource\Shader\PixelShader</Filter>
    </ClInclude>
    <ClInclude Include="ResourceManager.h">
      <Filter>ResourceManager</Filter>
    </ClInclude>
    <ClInclude Include="RocketDX11.h">
      <Filter>GraphicsProcess</Filter>
    </ClInclude>
    <ClInclude Include="GraphicsMacro.h">
      <Filter>Utility</Filter>
    </ClInclude>
    <ClInclude Include="MeshRenderer.h">
      <Filter>Component\MeshRenderer</Filter>
    </ClInclude>
    <ClInclude Include="TextRenderer.h">
      <Filter>Object\TextObject</Filter>
    </ClInclude>
    <ClInclude Include="Texture.h">
      <Filter>Resource\Texture</Filter>
    </ClInclude>
    <ClInclude Include="VertexShader.h">
      <Filter>Resource\Shader\VertexShader</Filter>
    </ClInclude>
    <ClInclude Include="Light.h">
      <Filter>Light</Filter>
    </ClInclude>
    <ClInclude Include="Singleton.h">
      <Filter>Singleton</Filter>
    </ClInclude>
    <ClInclude Include="Material.h">
      <Filter>Material</Filter>
    </ClInclude>
    <ClInclude Include="DeviceBuilderDX11.h">
      <Filter>GraphicsProcess\DX11DeviceBuilder</Filter>
    </ClInclude>
    <ClInclude Include="IBuilder.h">
      <Filter>GraphicsProcess\Builder</Filter>
    </ClInclude>
    <ClInclude Include="SphereMesh.h">
      <Filter>Resource\Mesh\StaticMeshes\Primitive</Filter>
    </ClInclude>
    <ClInclude Include="MathHeader.h">
      <Filter>Utility</Filter>
    </ClInclude>
    <ClInclude Include="AssimpMathConverter.h">
      <Filter>Utility</Filter>
    </ClInclude>
    <ClInclude Include="Mesh.h">
      <Filter>Resource\Mesh\BaseClass</Filter>
    </ClInclude>
    <ClInclude Include="SkinnedMesh.h">
      <Filter>Resource\Mesh\SkinnedMesh</Filter>
    </ClInclude>
    <ClInclude Include="DynamicModelRenderer.h">
      <Filter>Component\DynamicModelRenderer</Filter>
    </ClInclude>
    <ClInclude Include="StaticMesh.h">
      <Filter>Resource\Mesh\StaticMeshes\StaticMesh</Filter>
    </ClInclude>
    <ClInclude Include="ModelStruct.h">
      <Filter>Struct</Filter>
    </ClInclude>
    <ClInclude Include="CubeMap.h">
      <Filter>Object\CubeMap</Filter>
    </ClInclude>
  </ItemGroup>
  <ItemGroup>
    <Filter Include="FBXLoader">
      <UniqueIdentifier>{9e7db707-89b2-42b9-94c7-8b4977f88a36}</UniqueIdentifier>
    </Filter>
    <Filter Include="Object">
      <UniqueIdentifier>{7dcc5874-dd39-4cbf-8c16-a378066fa391}</UniqueIdentifier>
    </Filter>
    <Filter Include="Object\Camera">
      <UniqueIdentifier>{569834aa-0dc1-4d58-86a8-a5376e7b1fd6}</UniqueIdentifier>
    </Filter>
    <Filter Include="Object\HelperObject">
      <UniqueIdentifier>{58879384-5c1a-44e3-9913-4dd22345d70c}</UniqueIdentifier>
    </Filter>
    <Filter Include="Object\ImageRenderer">
      <UniqueIdentifier>{41ded109-339b-444e-a6e6-a1bf560a3330}</UniqueIdentifier>
    </Filter>
    <Filter Include="Object\LineRenderer">
      <UniqueIdentifier>{29601c1e-6dd6-412d-8f40-c8d66e78a994}</UniqueIdentifier>
    </Filter>
    <Filter Include="Object\TextObject">
      <UniqueIdentifier>{4e5df295-451d-4a52-87a7-90d2884ebebf}</UniqueIdentifier>
    </Filter>
    <Filter Include="Resource">
      <UniqueIdentifier>{5a459304-e098-43fa-9b09-91426347a350}</UniqueIdentifier>
    </Filter>
    <Filter Include="Resource\Interface">
      <UniqueIdentifier>{09e22f74-861b-465b-87d5-06f2a3723283}</UniqueIdentifier>
    </Filter>
    <Filter Include="Resource\Texture">
      <UniqueIdentifier>{b426d68d-4899-470b-8822-54d1393565eb}</UniqueIdentifier>
    </Filter>
    <Filter Include="Resource\Shader">
      <UniqueIdentifier>{dcfc1891-19ba-4656-930a-c318b65099f7}</UniqueIdentifier>
    </Filter>
    <Filter Include="Resource\Shader\HLSL">
      <UniqueIdentifier>{215b4f0b-7d91-4a0d-9303-f3dc430726f8}</UniqueIdentifier>
    </Filter>
    <Filter Include="Resource\Shader\HLSL\Color">
      <UniqueIdentifier>{68fef6da-5093-4b42-b063-173aaf7c8f7d}</UniqueIdentifier>
    </Filter>
    <Filter Include="Resource\Shader\HLSL\Texture">
      <UniqueIdentifier>{80cc8937-d3c0-4387-9237-e9b25aa161e4}</UniqueIdentifier>
    </Filter>
    <Filter Include="Resource\Shader\Interface">
      <UniqueIdentifier>{7f875c8d-bce6-4837-919f-35ac117e4e09}</UniqueIdentifier>
    </Filter>
    <Filter Include="Resource\Shader\PixelShader">
      <UniqueIdentifier>{f596a4d4-b168-45e7-9bab-e2c153cc0a68}</UniqueIdentifier>
    </Filter>
    <Filter Include="Resource\Shader\VertexShader">
      <UniqueIdentifier>{4b9ac501-5fae-4275-9946-b06a334905b4}</UniqueIdentifier>
    </Filter>
    <Filter Include="ResourceManager">
      <UniqueIdentifier>{bb22cbeb-4eca-4b21-a20d-5a4389748a60}</UniqueIdentifier>
    </Filter>
    <Filter Include="Struct">
      <UniqueIdentifier>{c63da8da-d699-44a5-8fa0-c155abef3996}</UniqueIdentifier>
    </Filter>
    <Filter Include="Utility">
      <UniqueIdentifier>{77a9e738-394c-412e-a732-423451335d9b}</UniqueIdentifier>
    </Filter>
    <Filter Include="GraphicsProcess">
      <UniqueIdentifier>{783d888a-f61d-4e9b-906b-301a0c7c4c9a}</UniqueIdentifier>
    </Filter>
    <Filter Include="Light">
      <UniqueIdentifier>{1cb4a846-a9b5-414c-b3fa-5cfa50d7cdde}</UniqueIdentifier>
    </Filter>
    <Filter Include="Resource\Shader\HLSL\Light">
      <UniqueIdentifier>{cedef95d-8557-4c43-9eea-f305d33cb80a}</UniqueIdentifier>
    </Filter>
    <Filter Include="ObjectManager">
      <UniqueIdentifier>{11071d87-dcf1-499b-b90c-53d5ec16db05}</UniqueIdentifier>
    </Filter>
    <Filter Include="ObjectFactory">
      <UniqueIdentifier>{e3285456-1476-4c23-b8b0-9eaaf7356bab}</UniqueIdentifier>
    </Filter>
    <Filter Include="Singleton">
      <UniqueIdentifier>{9ab8b4fc-e7cd-4859-9c52-eb203fd87a12}</UniqueIdentifier>
    </Filter>
    <Filter Include="Resource\Shader\HLSL\StaticMesh">
      <UniqueIdentifier>{30f2938b-1c24-4d04-9178-291218ee142d}</UniqueIdentifier>
    </Filter>
    <Filter Include="Material">
      <UniqueIdentifier>{bfe75a22-e57e-483a-bb7c-22c13248a61e}</UniqueIdentifier>
    </Filter>
    <Filter Include="GraphicsProcess\DX11DeviceBuilder">
      <UniqueIdentifier>{55b87733-0089-4254-9c2c-20eb7765c321}</UniqueIdentifier>
    </Filter>
    <Filter Include="GraphicsProcess\Builder">
      <UniqueIdentifier>{019b1634-5a7c-4c1d-a75b-6f62aa5f71e2}</UniqueIdentifier>
    </Filter>
    <Filter Include="Resource\Shader\HLSL\SkinnedMesh">
      <UniqueIdentifier>{a2656c4f-0de9-4c9a-be05-d5876d4313b1}</UniqueIdentifier>
    </Filter>
    <Filter Include="Resource\Mesh">
      <UniqueIdentifier>{9cf0dba3-0cef-4a20-8674-a9ef2c746f99}</UniqueIdentifier>
    </Filter>
    <Filter Include="Resource\Mesh\BaseClass">
      <UniqueIdentifier>{40afbd11-a45a-49ec-bf92-c0cb46f1b52a}</UniqueIdentifier>
    </Filter>
    <Filter Include="Resource\Mesh\StaticMeshes">
      <UniqueIdentifier>{d8a32370-25e8-48b4-afa0-d37b95e7cc29}</UniqueIdentifier>
    </Filter>
    <Filter Include="Resource\Mesh\StaticMeshes\Primitive">
      <UniqueIdentifier>{1be45435-87eb-4608-901a-d17ad8d542ac}</UniqueIdentifier>
    </Filter>
    <Filter Include="Resource\Mesh\StaticMeshes\StaticMesh">
      <UniqueIdentifier>{c800284e-4086-415e-b988-692c1bddad27}</UniqueIdentifier>
    </Filter>
    <Filter Include="Resource\Mesh\SkinnedMesh">
      <UniqueIdentifier>{3841b88c-81d2-4e48-8f6b-5892ec1b3733}</UniqueIdentifier>
    </Filter>
    <Filter Include="Object\ModelRenderer">
      <UniqueIdentifier>{6ae4cd4e-6ee6-456a-a2e8-112b65b8e534}</UniqueIdentifier>
    </Filter>
    <Filter Include="Object\CubeMap">
      <UniqueIdentifier>{b69fe248-0bba-4c99-9e53-0a598b73b05c}</UniqueIdentifier>
    </Filter>
    <Filter Include="Resource\Shader\HLSL\CubeMap">
      <UniqueIdentifier>{2f2126ff-2452-470f-8b0e-1ff1900dc15b}</UniqueIdentifier>
    </Filter>
    <Filter Include="Component">
      <UniqueIdentifier>{c6a26206-7bd0-412c-9938-aae0cc791990}</UniqueIdentifier>
    </Filter>
    <Filter Include="Component\DynamicModelRenderer">
      <UniqueIdentifier>{51bf0425-9c14-4153-a750-4f08ac11fce2}</UniqueIdentifier>
    </Filter>
    <Filter Include="Component\MeshRenderer">
      <UniqueIdentifier>{b06c9dce-0c2e-4e80-9d78-36595b5a6d4d}</UniqueIdentifier>
    </Filter>
  </ItemGroup>
</Project>