<?xml version="1.0" encoding="utf-8"?>
<Project ToolsVersion="4.0" xmlns="http://schemas.microsoft.com/developer/msbuild/2003">
  <ItemGroup>
    <Filter Include="EntryPoint">
      <UniqueIdentifier>{39f34a42-dc18-410c-8581-2c59ab54c306}</UniqueIdentifier>
    </Filter>
    <Filter Include="Scene">
      <UniqueIdentifier>{4cf7f417-e094-407a-9584-61d79a37abc0}</UniqueIdentifier>
    </Filter>
    <Filter Include="GameObject">
      <UniqueIdentifier>{6b5e4eca-b22f-4b09-a9a8-7b98f7bf7822}</UniqueIdentifier>
    </Filter>
    <Filter Include="Component">
      <UniqueIdentifier>{4147ef17-8733-4665-89a9-fb6f0a88c543}</UniqueIdentifier>
    </Filter>
    <Filter Include="Component\CubeController">
      <UniqueIdentifier>{09726758-6f4f-4f60-9916-34afe686e5ea}</UniqueIdentifier>
    </Filter>
    <Filter Include="GameObject\Cube">
      <UniqueIdentifier>{7c6faaa5-d5a8-4e5d-8264-fa265fd2718d}</UniqueIdentifier>
    </Filter>
    <Filter Include="GameObject\Cube\AdvantageCube">
      <UniqueIdentifier>{71cf599f-8863-4f37-b2ca-76594dcf5c57}</UniqueIdentifier>
    </Filter>
    <Filter Include="GameObject\Cube\DarkCube">
      <UniqueIdentifier>{52ab0aa3-174b-44f2-966f-d3038e147030}</UniqueIdentifier>
    </Filter>
    <Filter Include="GameObject\Cube\NormalCube">
      <UniqueIdentifier>{a3685e99-0b03-4a0a-a463-e8b9bdf37556}</UniqueIdentifier>
    </Filter>
    <Filter Include="GameObject\Mine">
      <UniqueIdentifier>{49423e8b-f146-4177-b743-c8eccafccce2}</UniqueIdentifier>
    </Filter>
    <Filter Include="GameObject\GameManager">
      <UniqueIdentifier>{c5f50a54-555f-48e3-8f0b-3037a056407b}</UniqueIdentifier>
    </Filter>
    <Filter Include="GameObject\UI">
      <UniqueIdentifier>{84ae94a8-11c1-4f39-ae14-a9fb28439183}</UniqueIdentifier>
    </Filter>
    <Filter Include="GameObject\UI\Ingame">
      <UniqueIdentifier>{86af903e-127b-47e7-8045-84aafe7c97eb}</UniqueIdentifier>
    </Filter>
  </ItemGroup>
  <ItemGroup>
    <ClCompile Include="main.cpp">
      <Filter>EntryPoint</Filter>
    </ClCompile>
    <ClCompile Include="Board.cpp">
      <Filter>GameObject</Filter>
    </ClCompile>
    <ClCompile Include="GameScene.cpp">
      <Filter>Scene</Filter>
    </ClCompile>
    <ClCompile Include="TestCamera.cpp">
      <Filter>GameObject</Filter>
    </ClCompile>
    <ClCompile Include="Tile.cpp">
      <Filter>GameObject</Filter>
    </ClCompile>
    <ClCompile Include="CubeController.cpp">
      <Filter>Component\CubeController</Filter>
    </ClCompile>
    <ClCompile Include="Player.cpp">
      <Filter>GameObject</Filter>
    </ClCompile>
    <ClCompile Include="NormalCube.cpp">
      <Filter>GameObject\Cube\NormalCube</Filter>
    </ClCompile>
    <ClCompile Include="DarkCube.cpp">
      <Filter>GameObject\Cube\DarkCube</Filter>
    </ClCompile>
    <ClCompile Include="AdvantageCube.cpp">
      <Filter>GameObject\Cube\AdvantageCube</Filter>
    </ClCompile>
    <ClCompile Include="Camera.cpp">
      <Filter>GameObject</Filter>
    </ClCompile>
    <ClCompile Include="Mine.cpp">
      <Filter>GameObject\Mine</Filter>
    </ClCompile>
    <ClCompile Include="DetonatedMine.cpp">
      <Filter>GameObject\Mine</Filter>
    </ClCompile>
    <ClCompile Include="AdvantageMine.cpp">
      <Filter>GameObject\Mine</Filter>
    </ClCompile>
    <ClCompile Include="GameManager.cpp">
      <Filter>GameObject\GameManager</Filter>
    </ClCompile>
    <ClCompile Include="MainMenuScene.cpp">
      <Filter>Scene</Filter>
    </ClCompile>
    <ClCompile Include="MenuSelector.cpp">
      <Filter>GameObject\UI</Filter>
    </ClCompile>
    <ClCompile Include="MenuItem.cpp">
      <Filter>GameObject\UI</Filter>
    </ClCompile>
    <ClCompile Include="Menu.cpp">
      <Filter>GameObject\UI</Filter>
    </ClCompile>
    <ClCompile Include="ControllerManager.cpp" />
    <ClCompile Include="SpriteObject.cpp">
      <Filter>GameObject\UI\Ingame</Filter>
    </ClCompile>
    <ClCompile Include="TextObject.cpp">
      <Filter>GameObject\UI\Ingame</Filter>
    </ClCompile>
    <ClCompile Include="PlayerModel.cpp">
      <Filter>GameObject</Filter>
    </ClCompile>
  </ItemGroup>
  <ItemGroup>
    <ClInclude Include="Board.h">
      <Filter>GameObject</Filter>
    </ClInclude>
    <ClInclude Include="GameScene.h">
      <Filter>Scene</Filter>
    </ClInclude>
    <ClInclude Include="TestCamera.h">
      <Filter>GameObject</Filter>
    </ClInclude>
    <ClInclude Include="Tile.h">
      <Filter>GameObject</Filter>
    </ClInclude>
    <ClInclude Include="CubeController.h">
      <Filter>Component\CubeController</Filter>
    </ClInclude>
    <ClInclude Include="Player.h">
      <Filter>GameObject</Filter>
    </ClInclude>
    <ClInclude Include="NormalCube.h">
      <Filter>GameObject\Cube\NormalCube</Filter>
    </ClInclude>
    <ClInclude Include="DarkCube.h">
      <Filter>GameObject\Cube\DarkCube</Filter>
    </ClInclude>
    <ClInclude Include="AdvantageCube.h">
      <Filter>GameObject\Cube\AdvantageCube</Filter>
    </ClInclude>
    <ClInclude Include="Camera.h">
      <Filter>GameObject</Filter>
    </ClInclude>
    <ClInclude Include="Mine.h">
      <Filter>GameObject\Mine</Filter>
    </ClInclude>
    <ClInclude Include="DetonatedMine.h">
      <Filter>GameObject\Mine</Filter>
    </ClInclude>
    <ClInclude Include="AdvantageMine.h">
      <Filter>GameObject\Mine</Filter>
    </ClInclude>
    <ClInclude Include="GameManager.h">
      <Filter>GameObject\GameManager</Filter>
    </ClInclude>
    <ClInclude Include="MainMenuScene.h">
      <Filter>Scene</Filter>
    </ClInclude>
    <ClInclude Include="MenuSelector.h">
      <Filter>GameObject\UI</Filter>
    </ClInclude>
    <ClInclude Include="MenuItem.h">
      <Filter>GameObject\UI</Filter>
    </ClInclude>
    <ClInclude Include="Menu.h">
      <Filter>GameObject\UI</Filter>
    </ClInclude>
    <ClInclude Include="ControllerManager.h" />
    <ClInclude Include="SpriteObject.h">
      <Filter>GameObject\UI\Ingame</Filter>
    </ClInclude>
    <ClInclude Include="TextObject.h">
      <Filter>GameObject\UI\Ingame</Filter>
    </ClInclude>
    <ClInclude Include="PlayerModel.h">
      <Filter>GameObject</Filter>
    </ClInclude>
  </ItemGroup>
</Project>