<?xml version="1.0" encoding="utf-8"?>
<Project ToolsVersion="4.0" xmlns="http://schemas.microsoft.com/developer/msbuild/2003">
  <ItemGroup>
    <Filter Include="EntryPoint">
      <UniqueIdentifier>{39f34a42-dc18-410c-8581-2c59ab54c306}</UniqueIdentifier>
    </Filter>
    <Filter Include="Scene">
      <UniqueIdentifier>{4cf7f417-e094-407a-9584-61d79a37abc0}</UniqueIdentifier>
    </Filter>
    <Filter Include="GameObject">
      <UniqueIdentifier>{6b5e4eca-b22f-4b09-a9a8-7b98f7bf7822}</UniqueIdentifier>
    </Filter>
    <Filter Include="Component">
      <UniqueIdentifier>{4147ef17-8733-4665-89a9-fb6f0a88c543}</UniqueIdentifier>
    </Filter>
    <Filter Include="Component\CubeController">
      <UniqueIdentifier>{09726758-6f4f-4f60-9916-34afe686e5ea}</UniqueIdentifier>
    </Filter>
    <Filter Include="GameObject\GameManager">
      <UniqueIdentifier>{e75300b7-5dc8-4853-9d53-c96e9d125679}</UniqueIdentifier>
    </Filter>
    <Filter Include="GameManager">
      <UniqueIdentifier>{7ea8e426-d747-4597-a26b-f79537c33a1d}</UniqueIdentifier>
    </Filter>
    <Filter Include="Component\GameManagerController">
      <UniqueIdentifier>{38727160-e6fc-451d-9d14-b54654eae4c2}</UniqueIdentifier>
    </Filter>
  </ItemGroup>
  <ItemGroup>
    <ClCompile Include="main.cpp">
      <Filter>EntryPoint</Filter>
    </ClCompile>
    <ClCompile Include="Board.cpp">
      <Filter>GameObject</Filter>
    </ClCompile>
    <ClCompile Include="GameScene.cpp">
      <Filter>Scene</Filter>
    </ClCompile>
    <ClCompile Include="TestCamera.cpp">
      <Filter>GameObject</Filter>
    </ClCompile>
    <ClCompile Include="Tile.cpp">
      <Filter>GameObject</Filter>
    </ClCompile>
    <ClCompile Include="NormalCube.cpp">
      <Filter>GameObject</Filter>
    </ClCompile>
    <ClCompile Include="CubeController.cpp">
      <Filter>Component\CubeController</Filter>
    </ClCompile>
    <ClCompile Include="ManagerObject.cpp">
      <Filter>GameObject\GameManager</Filter>
    </ClCompile>
    <ClCompile Include="GameManager.cpp">
      <Filter>GameManager</Filter>
    </ClCompile>
    <ClCompile Include="GameManagerController.cpp">
      <Filter>Component\GameManagerController</Filter>
    </ClCompile>
  </ItemGroup>
  <ItemGroup>
    <ClInclude Include="Board.h">
      <Filter>GameObject</Filter>
    </ClInclude>
    <ClInclude Include="GameScene.h">
      <Filter>Scene</Filter>
    </ClInclude>
    <ClInclude Include="TestCamera.h">
      <Filter>GameObject</Filter>
    </ClInclude>
    <ClInclude Include="Tile.h">
      <Filter>GameObject</Filter>
    </ClInclude>
    <ClInclude Include="NormalCube.h">
      <Filter>GameObject</Filter>
    </ClInclude>
    <ClInclude Include="CubeController.h">
      <Filter>Component\CubeController</Filter>
    </ClInclude>
    <ClInclude Include="ManagerObject.h">
      <Filter>GameObject\GameManager</Filter>
    </ClInclude>
    <ClInclude Include="GameManager.h">
      <Filter>GameManager</Filter>
    </ClInclude>
    <ClInclude Include="GameManagerController.h">
      <Filter>Component\GameManagerController</Filter>
    </ClInclude>
  </ItemGroup>
</Project>