<?xml version="1.0" encoding="utf-8"?>
<Project ToolsVersion="4.0" xmlns="http://schemas.microsoft.com/developer/msbuild/2003">
  <ItemGroup>
    <Filter Include="0_Include">
      <UniqueIdentifier>{c967dc90-0392-4f08-9c0a-17a1c243e85f}</UniqueIdentifier>
    </Filter>
    <Filter Include="0_Include\RocketAPI">
      <UniqueIdentifier>{ff07a8fc-dd5b-4ac2-9bc4-e0b47196f53e}</UniqueIdentifier>
    </Filter>
    <Filter Include="0_Include\RocketAPI\Deprecated">
      <UniqueIdentifier>{a8dfb4fc-d98d-4b5b-b9bd-0356d6355cff}</UniqueIdentifier>
    </Filter>
    <Filter Include="0_Include\EngineProcessInterface">
      <UniqueIdentifier>{91e1ca34-75a6-427c-8960-a73726332fb6}</UniqueIdentifier>
    </Filter>
    <Filter Include="1_DLLExporter">
      <UniqueIdentifier>{3edb65cc-2a62-4b47-bfde-03590c7f5b0b}</UniqueIdentifier>
    </Filter>
    <Filter Include="2_EngineProcess">
      <UniqueIdentifier>{824f6965-1a50-4529-9c87-ebebc078b8ee}</UniqueIdentifier>
    </Filter>
    <Filter Include="Component">
      <UniqueIdentifier>{279300f1-85a7-44e8-af18-f32450ac7f0d}</UniqueIdentifier>
    </Filter>
    <Filter Include="Component\Renderer">
      <UniqueIdentifier>{644faffe-3692-45b4-9240-c42eff6d848c}</UniqueIdentifier>
    </Filter>
    <Filter Include="Component\Camera">
      <UniqueIdentifier>{ef92ac9a-e862-4ff0-bd1b-f145251ffbad}</UniqueIdentifier>
    </Filter>
    <Filter Include="Component\Transform">
      <UniqueIdentifier>{1cc83618-7fab-4e6c-accc-2494fd32ac35}</UniqueIdentifier>
    </Filter>
    <Filter Include="Component\1_BaseClass">
      <UniqueIdentifier>{ddac2564-3757-410c-9cef-fb11d1bcdc46}</UniqueIdentifier>
    </Filter>
    <Filter Include="Component\AnimationController">
      <UniqueIdentifier>{d7d78a9f-ab3c-4dff-bad3-df8218a36345}</UniqueIdentifier>
    </Filter>
    <Filter Include="Component\Collider">
      <UniqueIdentifier>{d1867d54-5aa6-4d5b-b8c4-1cddb2b70e00}</UniqueIdentifier>
    </Filter>
    <Filter Include="Component\AudioClip">
      <UniqueIdentifier>{8c135875-1242-4ab1-bb8c-4aacdb64f28f}</UniqueIdentifier>
    </Filter>
    <Filter Include="Component\AudioClip\RocketAudio">
      <UniqueIdentifier>{0062c001-16c1-4bdc-b12e-824fdca53de8}</UniqueIdentifier>
    </Filter>
    <Filter Include="System">
      <UniqueIdentifier>{16b11710-e714-4506-9403-7489d6e5aa0d}</UniqueIdentifier>
    </Filter>
    <Filter Include="System\ObjectSystem">
      <UniqueIdentifier>{51532ac2-f77c-4a40-a6a2-8b927580aef1}</UniqueIdentifier>
    </Filter>
    <Filter Include="System\EventSystem">
      <UniqueIdentifier>{f6d4936b-4a81-468f-b773-0f2b01bb9d85}</UniqueIdentifier>
    </Filter>
    <Filter Include="System\SceneSystem">
      <UniqueIdentifier>{9412c5f7-4da0-487d-8755-03576fab53bf}</UniqueIdentifier>
    </Filter>
    <Filter Include="System\TimeSystem">
      <UniqueIdentifier>{7ebf76c0-4136-413a-bf5b-ad9b5ce791bc}</UniqueIdentifier>
    </Filter>
    <Filter Include="System\InputSystem">
      <UniqueIdentifier>{ae9de3e2-e80e-462e-814a-193ff14622af}</UniqueIdentifier>
    </Filter>
    <Filter Include="System\TweenSystem">
      <UniqueIdentifier>{8fe6be2c-8576-4f34-9610-a95557399ebb}</UniqueIdentifier>
    </Filter>
    <Filter Include="System\PhysicsSystem">
      <UniqueIdentifier>{c649ab5e-7aaf-47f0-af69-2774bf26aba3}</UniqueIdentifier>
    </Filter>
    <Filter Include="System\SoundSystem">
      <UniqueIdentifier>{7046ace3-7dca-474e-b565-65780bb86bbf}</UniqueIdentifier>
    </Filter>
    <Filter Include="System\DebugSystem">
      <UniqueIdentifier>{df5329ff-4bcd-4e97-ae9a-2f22f85a7262}</UniqueIdentifier>
    </Filter>
    <Filter Include="System\0_Singleton">
      <UniqueIdentifier>{763abdf6-a9db-4932-b10e-dd4d8d2124b7}</UniqueIdentifier>
    </Filter>
    <Filter Include="Scene">
      <UniqueIdentifier>{0ac74e06-c5b8-4844-ad19-c955e8c11c14}</UniqueIdentifier>
    </Filter>
    <Filter Include="Tween">
      <UniqueIdentifier>{71205615-d128-473f-a77c-2db4af6d64ee}</UniqueIdentifier>
    </Filter>
    <Filter Include="Tween\TweenTimer">
      <UniqueIdentifier>{adc266d1-d89d-4b15-aea8-bf84fffa9909}</UniqueIdentifier>
    </Filter>
    <Filter Include="Tween\Tween">
      <UniqueIdentifier>{8fc1a5f6-b961-428b-ac07-22f7a87649ad}</UniqueIdentifier>
    </Filter>
    <Filter Include="Animation">
      <UniqueIdentifier>{d5e8910f-09c9-4c78-a55f-ef692e8d7ed3}</UniqueIdentifier>
    </Filter>
    <Filter Include="Animation\Animator">
      <UniqueIdentifier>{c469f489-5a42-49fb-9211-488e6e4ef3ed}</UniqueIdentifier>
    </Filter>
    <Filter Include="Animation\State">
      <UniqueIdentifier>{3165db62-9b1b-4efe-9d91-22513223f773}</UniqueIdentifier>
    </Filter>
    <Filter Include="Component\Collider\DynamicCollider">
      <UniqueIdentifier>{9efe37a3-1a23-46bc-bef9-440c53fc7c29}</UniqueIdentifier>
    </Filter>
    <Filter Include="Component\Collider\DynamicCollider\BaseClass">
      <UniqueIdentifier>{aff32907-b4d2-4e02-87e9-c0c588fc3ebd}</UniqueIdentifier>
    </Filter>
    <Filter Include="Component\Collider\StaticCollider">
      <UniqueIdentifier>{cae05397-6d1e-4f4a-a8db-8b6dc2755863}</UniqueIdentifier>
    </Filter>
    <Filter Include="Component\Collider\StaticCollider\BaseClass">
      <UniqueIdentifier>{08126347-dd7a-4ce9-b92b-c54002a95a19}</UniqueIdentifier>
    </Filter>
    <Filter Include="Component\Collider\BaseClass">
      <UniqueIdentifier>{0af6cd3c-e982-4cf9-9b46-0a2c40e1cfd9}</UniqueIdentifier>
    </Filter>
    <Filter Include="Component\Light">
      <UniqueIdentifier>{f3425b61-e773-4ea6-8e1f-265b49168887}</UniqueIdentifier>
    </Filter>
    <Filter Include="Component\Light\BaseClass">
      <UniqueIdentifier>{cdec679e-d0a5-4f63-86f7-87a2c136bdd2}</UniqueIdentifier>
    </Filter>
    <Filter Include="Component\Light\DirectionalLight">
      <UniqueIdentifier>{15397ea8-15aa-42ac-a6e2-70080abfbac3}</UniqueIdentifier>
    </Filter>
    <Filter Include="Component\Light\PointLight">
      <UniqueIdentifier>{8d4e448f-4352-4c5f-954b-aedace4323f7}</UniqueIdentifier>
    </Filter>
    <Filter Include="Component\Light\SpotLight">
      <UniqueIdentifier>{3aa5f243-ea89-42d2-8c66-19816cad0223}</UniqueIdentifier>
    </Filter>
    <Filter Include="System\UISystem">
      <UniqueIdentifier>{a6df6206-d72d-4f8b-ba3f-0a45b411341c}</UniqueIdentifier>
    </Filter>
    <Filter Include="0_Include\ForEditorAPI">
      <UniqueIdentifier>{f71cadf4-aa94-4fe2-a18e-ccc6f6adc83e}</UniqueIdentifier>
    </Filter>
    <Filter Include="Component\UI">
      <UniqueIdentifier>{45d661b6-902a-4dfd-b057-1d9bba9d3a90}</UniqueIdentifier>
    </Filter>
    <Filter Include="Component\UI\SpriteRenderer">
      <UniqueIdentifier>{e15233e5-1fc9-4d5f-ac02-d4422d113ccc}</UniqueIdentifier>
    </Filter>
    <Filter Include="Component\UI\BaseClass">
      <UniqueIdentifier>{4bdc3bdc-98ce-463e-af2d-deb1d991dc89}</UniqueIdentifier>
    </Filter>
    <Filter Include="Component\UI\TextBox">
      <UniqueIdentifier>{e01cae1e-59ba-4885-801b-82eb14d114e3}</UniqueIdentifier>
    </Filter>
    <Filter Include="Component\UI\Button">
      <UniqueIdentifier>{f7af26cd-1ca7-42ec-b473-74afb597bf14}</UniqueIdentifier>
    </Filter>
    <Filter Include="GameObject">
      <UniqueIdentifier>{f5277cfd-4637-439e-b2c1-1b7e153be4a6}</UniqueIdentifier>
    </Filter>
    <Filter Include="00_Deprecated">
      <UniqueIdentifier>{98f3886e-2707-46da-8e63-ac34ce89915d}</UniqueIdentifier>
    </Filter>
    <Filter Include="System\DataSystem">
      <UniqueIdentifier>{55ec3fdd-8059-4445-af94-2cc10ac17386}</UniqueIdentifier>
    </Filter>
    <Filter Include="System\DataSystem\DataStruct">
      <UniqueIdentifier>{d56bffaa-79c0-4903-ad68-dcf197877ecd}</UniqueIdentifier>
    </Filter>
    <Filter Include="System\DataSystem\DataSystem">
      <UniqueIdentifier>{7dc47b8d-4054-482a-9901-11daddd445bf}</UniqueIdentifier>
    </Filter>
    <Filter Include="MathHeader">
      <UniqueIdentifier>{721eab2b-8d12-45a1-a9f3-238025499900}</UniqueIdentifier>
    </Filter>
    <Filter Include="System\GraphicsSystem">
      <UniqueIdentifier>{1554353f-8156-49ee-8340-7690958d55ed}</UniqueIdentifier>
    </Filter>
    <Filter Include="Component\Renderer\Model">
      <UniqueIdentifier>{7998041d-194f-4581-8e19-38f64ac9dea5}</UniqueIdentifier>
    </Filter>
    <Filter Include="Component\Renderer\Model\BaseClass">
      <UniqueIdentifier>{023f3669-3073-45ee-91ac-c1e75cd0c8c0}</UniqueIdentifier>
    </Filter>
    <Filter Include="Component\Renderer\Model\MeshRenderer">
      <UniqueIdentifier>{ca4d48c7-1965-4fdf-bf7b-ded7efe3dc5b}</UniqueIdentifier>
    </Filter>
    <Filter Include="Component\Renderer\Model\SkinnedMeshRenderer">
      <UniqueIdentifier>{39f79bdb-8626-4e6b-9ef3-4bfc18c95330}</UniqueIdentifier>
    </Filter>
  </ItemGroup>
  <ItemGroup>
    <ClInclude Include="EngineProcess.h">
      <Filter>2_EngineProcess</Filter>
    </ClInclude>
    <ClInclude Include="GraphicsSystem.h">
      <Filter>System\GraphicsSystem</Filter>
    </ClInclude>
    <ClInclude Include="GameObject.h">
      <Filter>GameObject</Filter>
    </ClInclude>
    <ClInclude Include="ObjectSystem.h">
      <Filter>System\ObjectSystem</Filter>
    </ClInclude>
    <ClInclude Include="EventSystem.h">
      <Filter>System\EventSystem</Filter>
    </ClInclude>
    <ClInclude Include="Camera.h">
      <Filter>Component\Camera</Filter>
    </ClInclude>
    <ClInclude Include="Transform.h">
      <Filter>Component\Transform</Filter>
    </ClInclude>
    <ClInclude Include="IEngineProcess.h">
      <Filter>0_Include\EngineProcessInterface</Filter>
    </ClInclude>
    <ClInclude Include="Component.h">
      <Filter>Component\1_BaseClass</Filter>
    </ClInclude>
    <ClInclude Include="Scene.h">
      <Filter>Scene</Filter>
    </ClInclude>
    <ClInclude Include="DLLExporter.h">
      <Filter>1_DLLExporter</Filter>
    </ClInclude>
    <ClInclude Include="ModelRendererBase.h">
      <Filter>Component\Renderer\Model\BaseClass</Filter>
    </ClInclude>
    <ClInclude Include="SceneSystem.h">
      <Filter>System\SceneSystem</Filter>
    </ClInclude>
    <ClInclude Include="RocketAPI.h">
      <Filter>0_Include\RocketAPI</Filter>
    </ClInclude>
    <ClInclude Include="TimeSystem.h">
      <Filter>System\TimeSystem</Filter>
    </ClInclude>
    <ClInclude Include="StaticModelRenderer.h">
      <Filter>Component\Renderer\Model\MeshRenderer</Filter>
    </ClInclude>
    <ClInclude Include="InputSystem.h">
      <Filter>System\InputSystem</Filter>
    </ClInclude>
    <ClInclude Include="AnimationController.h">
      <Filter>Component\AnimationController</Filter>
    </ClInclude>
    <ClInclude Include="TweenSystem.h">
      <Filter>System\TweenSystem</Filter>
    </ClInclude>
    <ClInclude Include="IRocketAPI.h">
      <Filter>0_Include\RocketAPI\Deprecated</Filter>
    </ClInclude>
    <ClInclude Include="Tween.h">
      <Filter>Tween\Tween</Filter>
    </ClInclude>
    <ClInclude Include="TweenTimer.h">
      <Filter>Tween\TweenTimer</Filter>
    </ClInclude>
    <ClInclude Include="DynamicModelRenderer.h">
      <Filter>Component\Renderer\Model\SkinnedMeshRenderer</Filter>
    </ClInclude>
    <ClInclude Include="State.h">
      <Filter>Animation\State</Filter>
    </ClInclude>
    <ClInclude Include="Animator.h">
      <Filter>Animation\Animator</Filter>
    </ClInclude>
    <ClInclude Include="PhysicsSystem.h">
      <Filter>System\PhysicsSystem</Filter>
    </ClInclude>
    <ClInclude Include="eSoundGroup.h">
      <Filter>System\SoundSystem</Filter>
    </ClInclude>
    <ClInclude Include="SoundSystem.h">
      <Filter>System\SoundSystem</Filter>
    </ClInclude>
    <ClInclude Include="AudioClip.h">
      <Filter>Component\AudioClip</Filter>
    </ClInclude>
    <ClInclude Include="RocketAudio.h">
      <Filter>Component\AudioClip\RocketAudio</Filter>
    </ClInclude>
    <ClInclude Include="TextBox.h">
      <Filter>Component\UI\TextBox</Filter>
    </ClInclude>
    <ClInclude Include="SpriteRenderer.h">
      <Filter>Component\UI\SpriteRenderer</Filter>
    </ClInclude>
    <ClInclude Include="DebugSystem.h">
      <Filter>System\DebugSystem</Filter>
    </ClInclude>
    <ClInclude Include="UIRenderer.h">
      <Filter>Component\UI\BaseClass</Filter>
    </ClInclude>
    <ClInclude Include="Singleton.h">
      <Filter>System\0_Singleton</Filter>
    </ClInclude>
    <ClInclude Include="Button.h">
      <Filter>Component\UI\Button</Filter>
    </ClInclude>
    <ClInclude Include="DynamicCollider.h">
      <Filter>Component\Collider\DynamicCollider\BaseClass</Filter>
    </ClInclude>
    <ClInclude Include="BoxCollider.h">
      <Filter>Component\Collider\DynamicCollider</Filter>
    </ClInclude>
    <ClInclude Include="SphereCollider.h">
      <Filter>Component\Collider\DynamicCollider</Filter>
    </ClInclude>
    <ClInclude Include="PlaneCollider.h">
      <Filter>Component\Collider\StaticCollider</Filter>
    </ClInclude>
    <ClInclude Include="StaticCollider.h">
      <Filter>Component\Collider\StaticCollider\BaseClass</Filter>
    </ClInclude>
    <ClInclude Include="StaticBoxCollider.h">
      <Filter>Component\Collider\StaticCollider</Filter>
    </ClInclude>
    <ClInclude Include="Collider.h">
      <Filter>Component\Collider\BaseClass</Filter>
    </ClInclude>
    <ClInclude Include="Light.h">
      <Filter>Component\Light\BaseClass</Filter>
    </ClInclude>
    <ClInclude Include="DirectionalLight.h">
      <Filter>Component\Light\DirectionalLight</Filter>
    </ClInclude>
    <ClInclude Include="PointLight.h">
      <Filter>Component\Light\PointLight</Filter>
    </ClInclude>
    <ClInclude Include="SpotLight.h">
      <Filter>Component\Light\SpotLight</Filter>
    </ClInclude>
    <ClInclude Include="UISystem.h">
      <Filter>System\UISystem</Filter>
    </ClInclude>
    <ClInclude Include="CapsuleCollider.h">
      <Filter>Component\Collider\DynamicCollider</Filter>
    </ClInclude>
    <ClInclude Include="RocketCoreAPI.h">
      <Filter>0_Include\ForEditorAPI</Filter>
    </ClInclude>
    <ClInclude Include="Data.h">
      <Filter>System\DataSystem\DataStruct</Filter>
    </ClInclude>
    <ClInclude Include="DataSystem.h">
      <Filter>System\DataSystem\DataSystem</Filter>
    </ClInclude>
    <ClInclude Include="MathHeader.h">
      <Filter>MathHeader</Filter>
    </ClInclude>
  </ItemGroup>
  <ItemGroup>
    <ClCompile Include="EngineProcess.cpp">
      <Filter>2_EngineProcess</Filter>
    </ClCompile>
    <ClCompile Include="GraphicsSystem.cpp">
      <Filter>System\GraphicsSystem</Filter>
    </ClCompile>
    <ClCompile Include="GameObject.cpp">
      <Filter>GameObject</Filter>
    </ClCompile>
    <ClCompile Include="ObjectSystem.cpp">
      <Filter>System\ObjectSystem</Filter>
    </ClCompile>
    <ClCompile Include="EventSystem.cpp">
      <Filter>System\EventSystem</Filter>
    </ClCompile>
    <ClCompile Include="Camera.cpp">
      <Filter>Component\Camera</Filter>
    </ClCompile>
    <ClCompile Include="Transform.cpp">
      <Filter>Component\Transform</Filter>
    </ClCompile>
    <ClCompile Include="Scene.cpp">
      <Filter>Scene</Filter>
    </ClCompile>
    <ClCompile Include="Component.cpp">
      <Filter>Component\1_BaseClass</Filter>
    </ClCompile>
    <ClCompile Include="ModelRendererBase.cpp">
      <Filter>Component\Renderer\Model\BaseClass</Filter>
    </ClCompile>
    <ClCompile Include="SceneSystem.cpp">
      <Filter>System\SceneSystem</Filter>
    </ClCompile>
    <ClCompile Include="RocketAPI.cpp">
      <Filter>0_Include\RocketAPI</Filter>
    </ClCompile>
    <ClCompile Include="TimeSystem.cpp">
      <Filter>System\TimeSystem</Filter>
    </ClCompile>
    <ClCompile Include="StaticModelRenderer.cpp">
      <Filter>Component\Renderer\Model\MeshRenderer</Filter>
    </ClCompile>
    <ClCompile Include="InputSystem.cpp">
      <Filter>System\InputSystem</Filter>
    </ClCompile>
    <ClCompile Include="AnimationController.cpp">
      <Filter>Component\AnimationController</Filter>
    </ClCompile>
    <ClCompile Include="TweenSystem.cpp">
      <Filter>System\TweenSystem</Filter>
    </ClCompile>
    <ClCompile Include="Tween.cpp">
      <Filter>Tween\Tween</Filter>
    </ClCompile>
    <ClCompile Include="TweenTimer.cpp">
      <Filter>Tween\TweenTimer</Filter>
    </ClCompile>
    <ClCompile Include="DynamicModelRenderer.cpp">
      <Filter>Component\Renderer\Model\SkinnedMeshRenderer</Filter>
    </ClCompile>
    <ClCompile Include="State.cpp">
      <Filter>Animation\State</Filter>
    </ClCompile>
    <ClCompile Include="Animator.cpp">
      <Filter>Animation\Animator</Filter>
    </ClCompile>
    <ClCompile Include="PhysicsSystem.cpp">
      <Filter>System\PhysicsSystem</Filter>
    </ClCompile>
    <ClCompile Include="SoundSystem.cpp">
      <Filter>System\SoundSystem</Filter>
    </ClCompile>
    <ClCompile Include="AudioClip.cpp">
      <Filter>Component\AudioClip</Filter>
    </ClCompile>
    <ClCompile Include="TextBox.cpp">
      <Filter>Component\UI\TextBox</Filter>
    </ClCompile>
    <ClCompile Include="SpriteRenderer.cpp">
      <Filter>Component\UI\SpriteRenderer</Filter>
    </ClCompile>
    <ClCompile Include="DebugSystem.cpp">
      <Filter>System\DebugSystem</Filter>
    </ClCompile>
    <ClCompile Include="UIRenderer.cpp">
      <Filter>Component\UI\BaseClass</Filter>
    </ClCompile>
    <ClCompile Include="Button.cpp">
      <Filter>Component\UI\Button</Filter>
    </ClCompile>
    <ClCompile Include="DynamicCollider.cpp">
      <Filter>Component\Collider\DynamicCollider\BaseClass</Filter>
    </ClCompile>
    <ClCompile Include="BoxCollider.cpp">
      <Filter>Component\Collider\DynamicCollider</Filter>
    </ClCompile>
    <ClCompile Include="SphereCollider.cpp">
      <Filter>Component\Collider\DynamicCollider</Filter>
    </ClCompile>
    <ClCompile Include="PlaneCollider.cpp">
      <Filter>Component\Collider\StaticCollider</Filter>
    </ClCompile>
    <ClCompile Include="StaticCollider.cpp">
      <Filter>Component\Collider\StaticCollider\BaseClass</Filter>
    </ClCompile>
    <ClCompile Include="StaticBoxCollider.cpp">
      <Filter>Component\Collider\StaticCollider</Filter>
    </ClCompile>
    <ClCompile Include="Collider.cpp">
      <Filter>Component\Collider\BaseClass</Filter>
    </ClCompile>
    <ClCompile Include="Light.cpp">
      <Filter>Component\Light\BaseClass</Filter>
    </ClCompile>
    <ClCompile Include="DirectionalLight.cpp">
      <Filter>Component\Light\DirectionalLight</Filter>
    </ClCompile>
    <ClCompile Include="PointLight.cpp">
      <Filter>Component\Light\PointLight</Filter>
    </ClCompile>
    <ClCompile Include="SpotLight.cpp">
      <Filter>Component\Light\SpotLight</Filter>
    </ClCompile>
    <ClCompile Include="UISystem.cpp">
      <Filter>System\UISystem</Filter>
    </ClCompile>
    <ClCompile Include="CapsuleCollider.cpp">
      <Filter>Component\Collider\DynamicCollider</Filter>
    </ClCompile>
    <ClCompile Include="RocketCoreAPI.cpp">
      <Filter>0_Include\ForEditorAPI</Filter>
    </ClCompile>
    <ClCompile Include="Data.cpp">
      <Filter>System\DataSystem\DataStruct</Filter>
    </ClCompile>
    <ClCompile Include="DataSystem.cpp">
      <Filter>System\DataSystem\DataSystem</Filter>
    </ClCompile>
  </ItemGroup>
</Project>