<?xml version="1.0" encoding="utf-8"?>
<Project ToolsVersion="4.0" xmlns="http://schemas.microsoft.com/developer/msbuild/2003">
  <ItemGroup>
    <Filter Include="Transform">
      <UniqueIdentifier>{89bdfe58-4f80-4ddf-bbe0-24c7b239b0a8}</UniqueIdentifier>
    </Filter>
    <Filter Include="MathHeader">
      <UniqueIdentifier>{55e7f0ec-8b35-4aef-abc6-889c70be627e}</UniqueIdentifier>
    </Filter>
    <Filter Include="ModelLoader">
      <UniqueIdentifier>{c21a215a-9c3a-455a-a2da-054dc9f0ca9a}</UniqueIdentifier>
    </Filter>
    <Filter Include="ModelLoader\FBXLoader">
      <UniqueIdentifier>{0f3b6b00-63cb-480a-887c-81303de2ae51}</UniqueIdentifier>
    </Filter>
    <Filter Include="ModelLoader\RFBXLoader">
      <UniqueIdentifier>{cefb3a29-f5ac-4d34-98b3-da529e970b73}</UniqueIdentifier>
    </Filter>
    <Filter Include="ModelLoader\Struct">
      <UniqueIdentifier>{facc2f6f-f700-4160-8fb5-5eb76abbef09}</UniqueIdentifier>
    </Filter>
    <Filter Include="ModelLoader\FBXLoader\Utility">
      <UniqueIdentifier>{b5fff86f-ef57-45d3-9a93-74005e59859d}</UniqueIdentifier>
    </Filter>
    <Filter Include="Interface">
      <UniqueIdentifier>{330685f8-7cd6-4a55-9b1e-63a2ef034275}</UniqueIdentifier>
    </Filter>
    <Filter Include="Interface\Component">
      <UniqueIdentifier>{e3e63553-2c0d-4ae4-a2e4-2340c4bdaa13}</UniqueIdentifier>
    </Filter>
    <Filter Include="Interface\DX11Renderer">
      <UniqueIdentifier>{2fc4ae40-db01-42a1-b811-a66135d0df49}</UniqueIdentifier>
    </Filter>
    <Filter Include="Interface\Enum">
      <UniqueIdentifier>{cdc519e9-eb95-4cce-b0c1-fe15ea26eaf2}</UniqueIdentifier>
    </Filter>
    <Filter Include="Interface\Factory">
      <UniqueIdentifier>{c35cb22d-950e-4cc7-9bfd-4d267be04e0c}</UniqueIdentifier>
    </Filter>
    <Filter Include="Interface\Component\Camera">
      <UniqueIdentifier>{ae1a6e3f-e57f-48e9-a8dc-ed3fb31e4bf4}</UniqueIdentifier>
    </Filter>
    <Filter Include="Interface\Component\Renderer">
      <UniqueIdentifier>{65972a36-fd2d-4e42-b0da-ff551cd3fd2a}</UniqueIdentifier>
    </Filter>
    <Filter Include="Interface\Component\Light">
      <UniqueIdentifier>{f09879d8-e0a4-4d1d-8a94-405e125ca97d}</UniqueIdentifier>
    </Filter>
    <Filter Include="Interface\Component\Light\BaseClass">
      <UniqueIdentifier>{5b1e55e3-87ec-48ce-8609-952b360c8055}</UniqueIdentifier>
    </Filter>
    <Filter Include="Interface\Component\Renderer\3D">
      <UniqueIdentifier>{505fdb75-14d8-429c-935f-ddf842ce0194}</UniqueIdentifier>
    </Filter>
    <Filter Include="Interface\Component\Renderer\2D">
      <UniqueIdentifier>{6f1a1e2b-e486-47d3-89d7-d1403914b95f}</UniqueIdentifier>
    </Filter>
    <Filter Include="Interface\Component\Renderer\3D\BaseClass">
      <UniqueIdentifier>{b96f0641-cef9-4e1c-bc32-9af1fb240b16}</UniqueIdentifier>
    </Filter>
    <Filter Include="Interface\Component\Renderer\2D\BaseClass">
      <UniqueIdentifier>{7223797a-b705-4860-b41e-3967d0ba019e}</UniqueIdentifier>
    </Filter>
  </ItemGroup>
  <ItemGroup>
    <ClCompile Include="RFBXLoader.cpp">
      <Filter>ModelLoader\RFBXLoader</Filter>
    </ClCompile>
    <ClCompile Include="FBXLoaderToRaw.cpp">
      <Filter>ModelLoader\FBXLoader</Filter>
    </ClCompile>
    <ClCompile Include="RocketTransform.cpp">
      <Filter>Transform</Filter>
    </ClCompile>
  </ItemGroup>
  <ItemGroup>
    <ClInclude Include="MathHeader.h">
      <Filter>MathHeader</Filter>
    </ClInclude>
    <ClInclude Include="RFBXLoader.h">
      <Filter>ModelLoader\RFBXLoader</Filter>
    </ClInclude>
    <ClInclude Include="RawModelStruct.h">
      <Filter>ModelLoader\Struct</Filter>
    </ClInclude>
    <ClInclude Include="FBXLoaderToRaw.h">
      <Filter>ModelLoader\FBXLoader</Filter>
    </ClInclude>
    <ClInclude Include="AssimpMathConverter.h">
      <Filter>ModelLoader\FBXLoader\Utility</Filter>
    </ClInclude>
    <ClInclude Include="IDX11Renderer.h">
      <Filter>Interface\DX11Renderer</Filter>
    </ClInclude>
    <ClInclude Include="GraphicsEnum.h">
      <Filter>Interface\Enum</Filter>
    </ClInclude>
    <ClInclude Include="IFactory.h">
      <Filter>Interface\Factory</Filter>
    </ClInclude>
    <ClInclude Include="IMaterial.h">
      <Filter>Interface</Filter>
    </ClInclude>
    <ClInclude Include="IResourceManager.h">
      <Filter>Interface</Filter>
    </ClInclude>
    <ClInclude Include="PrimitiveHeader.h">
      <Filter>Interface</Filter>
    </ClInclude>
    <ClInclude Include="ICamera.h">
      <Filter>Interface\Component\Camera</Filter>
    </ClInclude>
    <ClInclude Include="IDirectionalLight.h">
      <Filter>Interface\Component\Light</Filter>
    </ClInclude>
    <ClInclude Include="ILight.h">
      <Filter>Interface\Component\Light\BaseClass</Filter>
    </ClInclude>
    <ClInclude Include="IDynamicModelRenderer.h">
      <Filter>Interface\Component\Renderer\3D</Filter>
    </ClInclude>
    <ClInclude Include="ILineRenderer.h">
      <Filter>Interface\Component\Renderer\3D</Filter>
    </ClInclude>
    <ClInclude Include="IMeshRenderer.h">
      <Filter>Interface\Component\Renderer\3D</Filter>
    </ClInclude>
    <ClInclude Include="IGraphicsObject.h">
      <Filter>Interface\Component\Renderer\3D\BaseClass</Filter>
    </ClInclude>
    <ClInclude Include="ISketchable.h">
      <Filter>Interface\Component\Renderer\2D\BaseClass</Filter>
    </ClInclude>
    <ClInclude Include="ISpriteRenderer.h">
      <Filter>Interface\Component\Renderer\2D</Filter>
    </ClInclude>
    <ClInclude Include="ITextRenderer.h">
      <Filter>Interface\Component\Renderer\2D</Filter>
    </ClInclude>
    <ClInclude Include="RocketTransform.h">
      <Filter>Transform</Filter>
    </ClInclude>
  </ItemGroup>
</Project>