<?xml version="1.0" encoding="utf-8"?>
<Project ToolsVersion="4.0" xmlns="http://schemas.microsoft.com/developer/msbuild/2003">
  <ItemGroup>
    <Filter Include="DataStructure">
      <UniqueIdentifier>{63da3ed2-0eae-46d3-8b6b-408d7ceb5088}</UniqueIdentifier>
    </Filter>
    <Filter Include="Util">
      <UniqueIdentifier>{2a0d728d-5464-425b-a2d1-5bb9f7cacd1f}</UniqueIdentifier>
    </Filter>
    <Filter Include="Test">
      <UniqueIdentifier>{2b44496f-4b1c-4535-9e7e-3b2105e15481}</UniqueIdentifier>
    </Filter>
    <Filter Include="Logger">
      <UniqueIdentifier>{c37fa869-5d48-467f-889d-f3db97a9cf3d}</UniqueIdentifier>
    </Filter>
    <Filter Include="Reflection">
      <UniqueIdentifier>{774da497-9270-482e-b0d2-ab630721d6f8}</UniqueIdentifier>
    </Filter>
    <Filter Include="noise">
      <UniqueIdentifier>{f305b863-fa1b-46c9-b2f6-9915554109c3}</UniqueIdentifier>
    </Filter>
    <Filter Include="pointer">
      <UniqueIdentifier>{e3d80cdb-4057-46a3-90d6-f56a108d4f7c}</UniqueIdentifier>
    </Filter>
    <Filter Include="Tweening">
      <UniqueIdentifier>{5a8a552c-2355-493d-b736-fd75bef117cd}</UniqueIdentifier>
    </Filter>
    <Filter Include="FSM">
      <UniqueIdentifier>{deb8a6ee-2251-416c-89e4-6befbbaef8f1}</UniqueIdentifier>
    </Filter>
  </ItemGroup>
  <ItemGroup>
    <ClInclude Include="include\Allocator.h">
      <Filter>DataStructure</Filter>
    </ClInclude>
    <ClInclude Include="include\RBTree.h">
      <Filter>DataStructure</Filter>
    </ClInclude>
    <ClInclude Include="include\SparseSet.h">
      <Filter>DataStructure</Filter>
    </ClInclude>
    <ClInclude Include="include\Vector.h">
      <Filter>DataStructure</Filter>
    </ClInclude>
    <ClInclude Include="include\ConvString.h">
      <Filter>Util</Filter>
    </ClInclude>
    <ClInclude Include="include\Timer.h">
      <Filter>Util</Filter>
    </ClInclude>
    <ClInclude Include="include\FloaterMacro.h">
      <Filter>Util</Filter>
    </ClInclude>
    <ClInclude Include="include\FloaterType.h">
      <Filter>Util</Filter>
    </ClInclude>
    <ClInclude Include="TesterRBTree.h">
      <Filter>Test</Filter>
    </ClInclude>
    <ClInclude Include="include\HashTable.h">
      <Filter>DataStructure</Filter>
    </ClInclude>
    <ClInclude Include="include\UUID.h">
      <Filter>Util</Filter>
    </ClInclude>
    <ClInclude Include="include\FixedSizeMemoryPool.h">
      <Filter>Util</Filter>
    </ClInclude>
    <ClInclude Include="TesterFixedSizeMemoryPool.h">
      <Filter>Test</Filter>
    </ClInclude>
    <ClInclude Include="include\ITester.h">
      <Filter>Util</Filter>
    </ClInclude>
    <ClInclude Include="include\Hash.h">
      <Filter>Util</Filter>
    </ClInclude>
    <ClInclude Include="include\Log.h">
      <Filter>Logger</Filter>
    </ClInclude>
    <ClInclude Include="include\Type.h">
      <Filter>Reflection</Filter>
    </ClInclude>
    <ClInclude Include="include\PatternFormatter.h">
      <Filter>Logger</Filter>
    </ClInclude>
    <ClInclude Include="include\LogFormatter.h">
      <Filter>Logger</Filter>
    </ClInclude>
    <ClInclude Include="include\LogSink.h">
      <Filter>Logger</Filter>
    </ClInclude>
    <ClInclude Include="include\LogFilter.h">
      <Filter>Logger</Filter>
    </ClInclude>
    <ClInclude Include="include\LogContext.h">
      <Filter>Logger</Filter>
    </ClInclude>
    <ClInclude Include="LogFormatObject.h">
      <Filter>Logger</Filter>
    </ClInclude>
    <ClInclude Include="include\Perlin.h" />
    <ClInclude Include="include\OwningPtr.h">
      <Filter>pointer</Filter>
    </ClInclude>
    <ClInclude Include="include\NonOwningPtr.h">
      <Filter>pointer</Filter>
    </ClInclude>
    <ClInclude Include="include\FLTween.h">
      <Filter>Tweening</Filter>
    </ClInclude>
    <ClInclude Include="include\Expected.h">
      <Filter>Util</Filter>
    </ClInclude>
    <ClInclude Include="include\StaticArray.h">
      <Filter>DataStructure</Filter>
    </ClInclude>
    <ClInclude Include="FSM.h">
      <Filter>FSM</Filter>
    </ClInclude>
  </ItemGroup>
  <ItemGroup>
    <ClCompile Include="ConvString.cpp">
      <Filter>Util</Filter>
    </ClCompile>
    <ClCompile Include="Timer.cpp">
      <Filter>Util</Filter>
    </ClCompile>
    <ClCompile Include="TesterRBTree.cpp">
      <Filter>Test</Filter>
    </ClCompile>
    <ClCompile Include="FixedSizeMemoryPool.cpp">
      <Filter>Util</Filter>
    </ClCompile>
    <ClCompile Include="TesterFixedSizeMemoryPool.cpp">
      <Filter>Test</Filter>
    </ClCompile>
    <ClCompile Include="LogFormatObject.cpp">
      <Filter>Logger</Filter>
    </ClCompile>
    <ClCompile Include="Perlin.cpp" />
    <ClCompile Include="FLTween.cpp">
      <Filter>Tweening</Filter>
    </ClCompile>
  </ItemGroup>
</Project>