<?xml version="1.0" encoding="utf-8"?>
<Project ToolsVersion="4.0" xmlns="http://schemas.microsoft.com/developer/msbuild/2003">
  <ItemGroup>
    <Filter Include="MathHeader">
      <UniqueIdentifier>{0f0cad57-503c-444c-934a-3a2f1cf477f4}</UniqueIdentifier>
    </Filter>
    <Filter Include="Factory">
      <UniqueIdentifier>{77428ffd-d685-4021-844a-113a47a40d0a}</UniqueIdentifier>
    </Filter>
    <Filter Include="GraphicsSystem">
      <UniqueIdentifier>{22aa1d71-9863-4d5f-bcac-f1d46057fa18}</UniqueIdentifier>
    </Filter>
    <Filter Include="DX11Renderer">
      <UniqueIdentifier>{1a70a43a-a782-41ab-9753-8d16c64de0a2}</UniqueIdentifier>
    </Filter>
    <Filter Include="Component">
      <UniqueIdentifier>{3ce0ed3c-0348-4d6d-97e7-1867392971f2}</UniqueIdentifier>
    </Filter>
    <Filter Include="Enum">
      <UniqueIdentifier>{1527d487-93ec-4820-92db-9eeb6fa37306}</UniqueIdentifier>
    </Filter>
  </ItemGroup>
  <ItemGroup>
    <ClInclude Include="MathHeader.h">
      <Filter>MathHeader</Filter>
    </ClInclude>
    <ClInclude Include="IMaterial.h" />
    <ClInclude Include="IResourceManager.h" />
    <ClInclude Include="ISketchable.h" />
    <ClInclude Include="PrimitiveHeader.h" />
    <ClInclude Include="IDX11Renderer.h">
      <Filter>DX11Renderer</Filter>
    </ClInclude>
    <ClInclude Include="IFactory.h">
      <Filter>Factory</Filter>
    </ClInclude>
    <ClInclude Include="IGraphicsSystem.h">
      <Filter>GraphicsSystem</Filter>
    </ClInclude>
    <ClInclude Include="IStaticModelRenderer.h">
      <Filter>Component</Filter>
    </ClInclude>
    <ClInclude Include="ITextRenderer.h">
      <Filter>Component</Filter>
    </ClInclude>
    <ClInclude Include="ISpriteRenderer.h">
      <Filter>Component</Filter>
    </ClInclude>
    <ClInclude Include="ICamera.h">
      <Filter>Component</Filter>
    </ClInclude>
    <ClInclude Include="IRenderable.h">
      <Filter>Component</Filter>
    </ClInclude>
    <ClInclude Include="ILineRenderer.h">
      <Filter>Component</Filter>
    </ClInclude>
    <ClInclude Include="IDynamicModelRenderer.h">
      <Filter>Component</Filter>
    </ClInclude>
    <ClInclude Include="ITransform.h">
      <Filter>Component</Filter>
    </ClInclude>
  </ItemGroup>
  <ItemGroup>
    <ClCompile Include="GraphicsEnum.h">
      <Filter>Enum</Filter>
    </ClCompile>
  </ItemGroup>
</Project>